{
  "nodes": {
    "nixpkgs": {
      "locked": {
        "lastModified": 1738574474,
        "narHash": "sha256-rvyfF49e/k6vkrRTV4ILrWd92W+nmBDfRYZgctOyolQ=",
        "owner": "nixos",
        "repo": "nixpkgs",
        "rev": "fecfeb86328381268e29e998ddd3ebc70bbd7f7c",
        "type": "github"
      },
      "original": {
        "owner": "nixos",
        "ref": "nixos-24.11",
        "repo": "nixpkgs",
        "type": "github"
      }
    },
    "root": {
      "inputs": {
        "nixpkgs": "nixpkgs",
        "sops-nix": "sops-nix",
        "wedding_site": "wedding_site"
      }
    },
    "sops-nix": {
      "inputs": {
        "nixpkgs": [
          "nixpkgs"
        ]
      },
      "locked": {
        "lastModified": 1739262228,
        "narHash": "sha256-7JAGezJ0Dn5qIyA2+T4Dt/xQgAbhCglh6lzCekTVMeU=",
        "owner": "Mic92",
        "repo": "sops-nix",
        "rev": "07af005bb7d60c7f118d9d9f5530485da5d1e975",
        "type": "github"
      },
      "original": {
        "owner": "Mic92",
        "repo": "sops-nix",
        "type": "github"
      }
    },
    "wedding_site": {
      "inputs": {
        "nixpkgs": [
          "nixpkgs"
        ]
      },
      "locked": {
        "dir": "includes/wedding_site",
        "lastModified": 1739215305,
        "narHash": "sha256-2c679ymfCA3yLTM5TvqZ3pMFES7bGyUag2fF7Wk5bvM=",
        "owner": "yeltnar",
        "repo": "nixos_files",
        "rev": "f3ce61150ad0fb9768fc5826b3f4c3041c3b9780",
        "type": "github"
      },
      "original": {
        "dir": "includes/wedding_site",
        "owner": "yeltnar",
        "ref": "main",
        "repo": "nixos_files",
        "type": "github"
      }
    }
  },
  "root": "root",
  "version": 7
}
